
Microsoft Visual Studio Solution File, Format Version 12.00
# Visual Studio 15
VisualStudioVersion = 15.0.26124.0
MinimumVisualStudioVersion = 15.0.26124.0
Project("{9A19103F-16F7-4668-BE54-9A1E7A4F7556}") = "Function", "scrum-planner\Function.csproj", "{CDC00F92-8A45-4A97-AA89-1160FE6B0280}"
EndProject
Global
	GlobalSection(SolutionConfigurationPlatforms) = preSolution
		Debug|Any CPU = Debug|Any CPU
		Debug|x64 = Debug|x64
		Debug|x86 = Debug|x86
		Release|Any CPU = Release|Any CPU
		Release|x64 = Release|x64
		Release|x86 = Release|x86
	EndGlobalSection
	GlobalSection(ProjectConfigurationPlatforms) = postSolution
		{CDC00F92-8A45-4A97-AA89-1160FE6B0280}.Debug|Any CPU.ActiveCfg = Debug|Any CPU
		{CDC00F92-8A45-4A97-AA89-1160FE6B0280}.Debug|Any CPU.Build.0 = Debug|Any CPU
		{CDC00F92-8A45-4A97-AA89-1160FE6B0280}.Debug|x64.ActiveCfg = Debug|Any CPU
		{CDC00F92-8A45-4A97-AA89-1160FE6B0280}.Debug|x64.Build.0 = Debug|Any CPU
		{CDC00F92-8A45-4A97-AA89-1160FE6B0280}.Debug|x86.ActiveCfg = Debug|Any CPU
		{CDC00F92-8A45-4A97-AA89-1160FE6B0280}.Debug|x86.Build.0 = Debug|Any CPU
		{CDC00F92-8A45-4A97-AA89-1160FE6B0280}.Release|Any CPU.ActiveCfg = Release|Any CPU
		{CDC00F92-8A45-4A97-AA89-1160FE6B0280}.Release|Any CPU.Build.0 = Release|Any CPU
		{CDC00F92-8A45-4A97-AA89-1160FE6B0280}.Release|x64.ActiveCfg = Release|Any CPU
		{CDC00F92-8A45-4A97-AA89-1160FE6B0280}.Release|x64.Build.0 = Release|Any CPU
		{CDC00F92-8A45-4A97-AA89-1160FE6B0280}.Release|x86.ActiveCfg = Release|Any CPU
		{CDC00F92-8A45-4A97-AA89-1160FE6B0280}.Release|x86.Build.0 = Release|Any CPU
	EndGlobalSection
	GlobalSection(SolutionProperties) = preSolution
		HideSolutionNode = FALSE
	EndGlobalSection
	GlobalSection(ExtensibilityGlobals) = postSolution
		SolutionGuid = {6D389EA1-150C-4CB4-8436-3526335E165E}
	EndGlobalSection
EndGlobal
