
Microsoft Visual Studio Solution File, Format Version 12.00
# Visual Studio 15
VisualStudioVersion = 15.0.26124.0
MinimumVisualStudioVersion = 15.0.26124.0
Project("{9A19103F-16F7-4668-BE54-9A1E7A4F7556}") = "Function", "build-status\Function.csproj", "{C63DCCAC-3B82-403D-A0D7-E65A406E513E}"
EndProject
Global
	GlobalSection(SolutionConfigurationPlatforms) = preSolution
		Debug|Any CPU = Debug|Any CPU
		Debug|x64 = Debug|x64
		Debug|x86 = Debug|x86
		Release|Any CPU = Release|Any CPU
		Release|x64 = Release|x64
		Release|x86 = Release|x86
	EndGlobalSection
	GlobalSection(ProjectConfigurationPlatforms) = postSolution
		{C63DCCAC-3B82-403D-A0D7-E65A406E513E}.Debug|Any CPU.ActiveCfg = Debug|Any CPU
		{C63DCCAC-3B82-403D-A0D7-E65A406E513E}.Debug|Any CPU.Build.0 = Debug|Any CPU
		{C63DCCAC-3B82-403D-A0D7-E65A406E513E}.Debug|x64.ActiveCfg = Debug|Any CPU
		{C63DCCAC-3B82-403D-A0D7-E65A406E513E}.Debug|x64.Build.0 = Debug|Any CPU
		{C63DCCAC-3B82-403D-A0D7-E65A406E513E}.Debug|x86.ActiveCfg = Debug|Any CPU
		{C63DCCAC-3B82-403D-A0D7-E65A406E513E}.Debug|x86.Build.0 = Debug|Any CPU
		{C63DCCAC-3B82-403D-A0D7-E65A406E513E}.Release|Any CPU.ActiveCfg = Release|Any CPU
		{C63DCCAC-3B82-403D-A0D7-E65A406E513E}.Release|Any CPU.Build.0 = Release|Any CPU
		{C63DCCAC-3B82-403D-A0D7-E65A406E513E}.Release|x64.ActiveCfg = Release|Any CPU
		{C63DCCAC-3B82-403D-A0D7-E65A406E513E}.Release|x64.Build.0 = Release|Any CPU
		{C63DCCAC-3B82-403D-A0D7-E65A406E513E}.Release|x86.ActiveCfg = Release|Any CPU
		{C63DCCAC-3B82-403D-A0D7-E65A406E513E}.Release|x86.Build.0 = Release|Any CPU
	EndGlobalSection
	GlobalSection(SolutionProperties) = preSolution
		HideSolutionNode = FALSE
	EndGlobalSection
	GlobalSection(ExtensibilityGlobals) = postSolution
		SolutionGuid = {4885A684-541F-468D-A83E-21B8D76E65F6}
	EndGlobalSection
EndGlobal
