
Microsoft Visual Studio Solution File, Format Version 12.00
# Visual Studio 15
VisualStudioVersion = 15.0.26124.0
MinimumVisualStudioVersion = 15.0.26124.0
Project("{9A19103F-16F7-4668-BE54-9A1E7A4F7556}") = "Service", "src\Service.csproj", "{DECEBA06-69CC-4BD9-B5DE-AFE9E84C1D8B}"
EndProject
Global
	GlobalSection(SolutionConfigurationPlatforms) = preSolution
		Debug|Any CPU = Debug|Any CPU
		Debug|x64 = Debug|x64
		Debug|x86 = Debug|x86
		Release|Any CPU = Release|Any CPU
		Release|x64 = Release|x64
		Release|x86 = Release|x86
	EndGlobalSection
	GlobalSection(ProjectConfigurationPlatforms) = postSolution
		{DECEBA06-69CC-4BD9-B5DE-AFE9E84C1D8B}.Debug|Any CPU.ActiveCfg = Debug|Any CPU
		{DECEBA06-69CC-4BD9-B5DE-AFE9E84C1D8B}.Debug|Any CPU.Build.0 = Debug|Any CPU
		{DECEBA06-69CC-4BD9-B5DE-AFE9E84C1D8B}.Debug|x64.ActiveCfg = Debug|Any CPU
		{DECEBA06-69CC-4BD9-B5DE-AFE9E84C1D8B}.Debug|x64.Build.0 = Debug|Any CPU
		{DECEBA06-69CC-4BD9-B5DE-AFE9E84C1D8B}.Debug|x86.ActiveCfg = Debug|Any CPU
		{DECEBA06-69CC-4BD9-B5DE-AFE9E84C1D8B}.Debug|x86.Build.0 = Debug|Any CPU
		{DECEBA06-69CC-4BD9-B5DE-AFE9E84C1D8B}.Release|Any CPU.ActiveCfg = Release|Any CPU
		{DECEBA06-69CC-4BD9-B5DE-AFE9E84C1D8B}.Release|Any CPU.Build.0 = Release|Any CPU
		{DECEBA06-69CC-4BD9-B5DE-AFE9E84C1D8B}.Release|x64.ActiveCfg = Release|Any CPU
		{DECEBA06-69CC-4BD9-B5DE-AFE9E84C1D8B}.Release|x64.Build.0 = Release|Any CPU
		{DECEBA06-69CC-4BD9-B5DE-AFE9E84C1D8B}.Release|x86.ActiveCfg = Release|Any CPU
		{DECEBA06-69CC-4BD9-B5DE-AFE9E84C1D8B}.Release|x86.Build.0 = Release|Any CPU
	EndGlobalSection
	GlobalSection(SolutionProperties) = preSolution
		HideSolutionNode = FALSE
	EndGlobalSection
	GlobalSection(ExtensibilityGlobals) = postSolution
		SolutionGuid = {FF183B31-0D34-42D6-84C8-4133B1117C4B}
	EndGlobalSection
EndGlobal
