
Microsoft Visual Studio Solution File, Format Version 12.00
# Visual Studio 15
VisualStudioVersion = 15.0.27428.2002
MinimumVisualStudioVersion = 10.0.40219.1
Project("{9A19103F-16F7-4668-BE54-9A1E7A4F7556}") = "ScumPlanner", "ScumPlanner/ScumPlanner.csproj", "{AE77E343-332E-49F9-BC96-9C2A7B3FD218}"
EndProject
Global
	GlobalSection(SolutionConfigurationPlatforms) = preSolution
		Debug|Any CPU = Debug|Any CPU
		Release|Any CPU = Release|Any CPU
	EndGlobalSection
	GlobalSection(ProjectConfigurationPlatforms) = postSolution
		{AE77E343-332E-49F9-BC96-9C2A7B3FD218}.Debug|Any CPU.ActiveCfg = Debug|Any CPU
		{AE77E343-332E-49F9-BC96-9C2A7B3FD218}.Debug|Any CPU.Build.0 = Debug|Any CPU
		{AE77E343-332E-49F9-BC96-9C2A7B3FD218}.Release|Any CPU.ActiveCfg = Release|Any CPU
		{AE77E343-332E-49F9-BC96-9C2A7B3FD218}.Release|Any CPU.Build.0 = Release|Any CPU
	EndGlobalSection
	GlobalSection(SolutionProperties) = preSolution
		HideSolutionNode = FALSE
	EndGlobalSection
	GlobalSection(ExtensibilityGlobals) = postSolution
		SolutionGuid = {3A107A55-8747-490B-8668-4F28FCB36DF4}
	EndGlobalSection
EndGlobal
